# Auto-generated by Incan - do not edit manually
# Regenerate with: incan lock

[incan]
format = 2
incan-version = "0.6.0-dev.3"
deps-fingerprint = "sha256:76c385753450ee19f83f89863e385cb52d8c16d9eb350cb7581e3dbd0046777e"
cargo-features = []
cargo-no-default-features = false
cargo-all-features = false

[[semantic.workspace_members]]
member_root = "consumer"

[[semantic.workspace_members.packages]]
package = "report_app"
project_root = "consumer"
active_features = []
active_optional_dependencies = []
required_sdk_components = []

[semantic.workspace_members.packages.dependency_features]

[[semantic.workspace_members.packages]]
package = "json_support"
project_root = "leaf"
active_features = ["default", "json"]
active_optional_dependencies = []
required_sdk_components = []

[semantic.workspace_members.packages.dependency_features]

[[semantic.workspace_members.packages]]
package = "reporting"
project_root = "producer"
active_features = ["default", "json"]
active_optional_dependencies = ["json_support"]
required_sdk_components = []

[semantic.workspace_members.packages.dependency_features]
json_support = ["json"]

[[semantic.workspace_members.feature_edges]]
from = "consumer"
dependency_key = "reporting"
to = "producer"
requested_features = ["json"]
default_features = true
optional = false

[[semantic.workspace_members.feature_edges]]
from = "producer"
dependency_key = "json_support"
to = "leaf"
requested_features = ["json"]
default_features = true
optional = true

[[semantic.workspace_members.providers]]
identity = "reporting@0.1.0#sha256:e8f748d9bc99699a20913f21be8cc48a4dfd69889b21cbf5fda0bb69f7eece59[default,json]"
participation = "enabled"
namespace_claims = []
used_modules = []
implementation_facets = []
backend_requirements = []

[[semantic.workspace_members]]
member_root = "leaf"

[[semantic.workspace_members.packages]]
package = "json_support"
project_root = "leaf"
active_features = ["default", "json"]
active_optional_dependencies = []
required_sdk_components = []

[semantic.workspace_members.packages.dependency_features]

[[semantic.workspace_members]]
member_root = "producer"

[[semantic.workspace_members.packages]]
package = "json_support"
project_root = "leaf"
active_features = ["default", "json"]
active_optional_dependencies = []
required_sdk_components = []

[semantic.workspace_members.packages.dependency_features]

[[semantic.workspace_members.packages]]
package = "reporting"
project_root = "producer"
active_features = ["default", "json"]
active_optional_dependencies = ["json_support"]
required_sdk_components = []

[semantic.workspace_members.packages.dependency_features]
json_support = ["json"]

[[semantic.workspace_members.feature_edges]]
from = "producer"
dependency_key = "json_support"
to = "leaf"
requested_features = ["json"]
default_features = true
optional = true

[[semantic.workspace_members.providers]]
identity = "json_support@0.1.0#sha256:665ab748a0b961e4fbd17f00837acc67be81379a84c3ace8b77df18279d2122b[default,json]"
participation = "enabled"
namespace_claims = []
used_modules = []
implementation_facets = []
backend_requirements = []

[cargo]
lock = """
version = 4
"""
