# Auto-generated by Incan - do not edit manually
# Regenerate with: incan lock

[incan]
format = 2
incan-version = "0.6.0-dev.6"
deps-fingerprint = "sha256:977d3220e9a55d6e2693a296888ace2b654215150de29c05de2d319e5afb754b"
cargo-features = []
cargo-no-default-features = false
cargo-all-features = false

[semantic.sdk]
identity = "incan@0.6.0-dev.6"
inventory_digest = "sha256:b31f2c291594a340077e4657b3c440ae1ce710658894fbd25640ab3dd0772c2c"
profile = "default"

[[semantic.sdk.components]]
id = "stdlib-async"
version = "0.6.0-dev.6"
reason = "profile:default"

[[semantic.sdk.components]]
id = "stdlib-codecs"
version = "0.6.0-dev.6"
reason = "profile:default"

[[semantic.sdk.components]]
id = "stdlib-compression"
version = "0.6.0-dev.6"
reason = "profile:default"

[[semantic.sdk.components]]
id = "stdlib-core"
version = "0.6.0-dev.6"
reason = "mandatory"

[[semantic.sdk.components]]
id = "stdlib-data"
version = "0.6.0-dev.6"
reason = "profile:default"

[[semantic.sdk.components]]
id = "stdlib-interop"
version = "0.6.0-dev.6"
reason = "profile:default"

[[semantic.sdk.components]]
id = "stdlib-observability"
version = "0.6.0-dev.6"
reason = "profile:default"

[[semantic.sdk.components]]
id = "stdlib-system"
version = "0.6.0-dev.6"
reason = "dependency:stdlib-codecs"

[[semantic.sdk.components]]
id = "stdlib-testing"
version = "0.6.0-dev.6"
reason = "profile:default"

[[semantic.sdk.components]]
id = "stdlib-web"
version = "0.6.0-dev.6"
reason = "profile:default"

[[semantic.packages]]
package = "compiler_native_test_controls"
project_root = ""
active_features = []
active_optional_dependencies = []
required_sdk_components = []

[semantic.packages.dependency_features]

[[semantic.providers]]
identity = "incan_stdlib_async@0.5.0#sha256:95e2061c349f64e5494baa0ea3c58b55fcfe93730562511b33784619dc9ade77[]"
participation = "enabled"
namespace_claims = [["std", "async"], ["std", "async", "channel"], ["std", "async", "race"], ["std", "async", "sync"], ["std", "async", "task"], ["std", "async", "time"]]
used_modules = []
implementation_facets = []
backend_requirements = []

[[semantic.providers]]
identity = "incan_stdlib_codecs@0.5.0#sha256:39d9cd385a5893c07a4cf59cf93b8aa95dd0e864c8d586e081b2978153679f25[]"
participation = "enabled"
namespace_claims = [["std", "checksum"], ["std", "encoding"], ["std", "encoding", "_shared"], ["std", "encoding", "base32"], ["std", "encoding", "base58"], ["std", "encoding", "base64"], ["std", "encoding", "base85"], ["std", "encoding", "bech32"], ["std", "encoding", "hex"]]
used_modules = []
implementation_facets = []
backend_requirements = []

[[semantic.providers]]
identity = "incan_stdlib_compression@0.5.0#sha256:45ac8dc1638d2d7454539110faf41014dbe08f75f04f129976e35608c711729f[]"
participation = "enabled"
namespace_claims = [["std", "compression"], ["std", "compression", "_auto"], ["std", "compression", "_core"], ["std", "compression", "bz2"], ["std", "compression", "deflate"], ["std", "compression", "gzip"], ["std", "compression", "lzma"], ["std", "compression", "snappy"], ["std", "compression", "snappy", "raw"], ["std", "compression", "zlib"], ["std", "compression", "zstd"]]
used_modules = []
implementation_facets = []
backend_requirements = []

[[semantic.providers]]
identity = "incan_stdlib_core@0.6.0-dev.6#sha256:fd3557f9bb4c2587b7dcf346e6688733b659c8183ced5b0e2011fc1e5cb14733[]"
participation = "used"
namespace_claims = [["std", "derives", "collection"], ["std", "derives", "comparison"], ["std", "derives", "copying"], ["std", "derives", "string"], ["std", "features"], ["std", "prelude"], ["std", "reflection"], ["std", "registry"], ["std", "result"], ["std", "runtime"], ["std", "runtime", "host"], ["std", "runtime", "host", "clock"], ["std", "runtime", "host", "env"], ["std", "runtime", "host", "fs"], ["std", "runtime", "host", "http"], ["std", "runtime", "host", "model"], ["std", "runtime", "host", "process"], ["std", "runtime", "host", "tool"], ["std", "this"], ["std", "traits"], ["std", "traits", "callable"], ["std", "traits", "convert"], ["std", "traits", "error"], ["std", "traits", "indexing"], ["std", "traits", "ops"]]
used_modules = [["std", "prelude"]]
implementation_facets = []
backend_requirements = []

[[semantic.providers]]
identity = "incan_stdlib_data@0.5.0#sha256:8bfdfad2039a9d6d031e583d42ba88c9cabbb75370576d48e79a6bf8ce833b43[]"
participation = "used"
namespace_claims = [["std", "collections"], ["std", "datetime"], ["std", "datetime", "civil"], ["std", "datetime", "civil", "intervals"], ["std", "datetime", "civil", "naive"], ["std", "datetime", "civil", "offset"], ["std", "datetime", "error"], ["std", "datetime", "runtime"], ["std", "graph"], ["std", "hash"], ["std", "hash", "_core"], ["std", "hash", "_hmac"], ["std", "hash", "_streaming"], ["std", "json"], ["std", "math"], ["std", "regex"], ["std", "regex", "_core"], ["std", "regex", "_replacement"], ["std", "regex", "types"], ["std", "serde"], ["std", "serde", "json"], ["std", "toml"], ["std", "uuid"]]
used_modules = [["std", "json"]]
implementation_facets = ["rust_json"]
backend_requirements = ["cargo-dependency:incan_std_data", "cargo-dependency:serde"]

[[semantic.providers]]
identity = "incan_stdlib_interop@0.5.0#sha256:3e909ef5dba348d689d17f4c36c1e9d24cae7803123e185f499a02ba309528e8[]"
participation = "enabled"
namespace_claims = [["std", "interop"]]
used_modules = []
implementation_facets = []
backend_requirements = []

[[semantic.providers]]
identity = "incan_stdlib_observability@0.5.0#sha256:b903eb1ed47efef649731115cb4f9acafa96a0817902b19576e0ebe759a0a4e2[]"
participation = "enabled"
namespace_claims = [["std", "logging"], ["std", "telemetry"], ["std", "telemetry", "core"]]
used_modules = []
implementation_facets = []
backend_requirements = []

[[semantic.providers]]
identity = "incan_stdlib_system@0.5.0#sha256:f26f948a239b2970a8ec9fd2689cb3114974ec4e5daa55f0d4d5410d53c33eb3[]"
participation = "used"
namespace_claims = [["std", "environ"], ["std", "fs"], ["std", "fs", "file"], ["std", "fs", "glob"], ["std", "fs", "locking"], ["std", "fs", "metadata"], ["std", "fs", "path"], ["std", "io"], ["std", "tempfile"]]
used_modules = [["std", "fs"]]
implementation_facets = ["rust_fs"]
backend_requirements = ["cargo-dependency:encoding_rs", "cargo-dependency:rustix"]

[[semantic.providers]]
identity = "incan_stdlib_testing@0.5.0#sha256:d3e8a7177eb5a134a5f7354e8a54c7b05b3ce147074f5699913f4093a291d1a1[]"
participation = "enabled"
namespace_claims = [["std", "testing"]]
used_modules = []
implementation_facets = []
backend_requirements = []

[[semantic.providers]]
identity = "incan_stdlib_web@0.5.0#sha256:188df270010aaefdac9945d334e5d85a2a27f354095538fe41da1a3a281c8978[]"
participation = "enabled"
namespace_claims = [["std", "web"], ["std", "web", "app"], ["std", "web", "macros"], ["std", "web", "request"], ["std", "web", "response"], ["std", "web", "routing"]]
used_modules = []
implementation_facets = []
backend_requirements = []

[cargo]
lock = """
version = 4
"""
