# Auto-generated by Incan - do not edit manually
# Regenerate with: incan lock

[incan]
format = 2
incan-version = "0.6.0-dev.6"
deps-fingerprint = "sha256:0332ad6e7e0c5b6db5996b77fd276227613be53083c6339f1945c561a5858f15"
cargo-features = []
cargo-no-default-features = false
cargo-all-features = false

[semantic.sdk]
identity = "incan@0.6.0-dev.6"
inventory_digest = "sha256:1676727c0542b48a516d23a1401c86e434550633b505c5c0e92c6160362f7919"
profile = "default"

[[semantic.sdk.components]]
id = "stdlib-async"
version = "0.6.0-dev.6"
reason = "profile:default"

[[semantic.sdk.components]]
id = "stdlib-codecs"
version = "0.6.0-dev.6"
reason = "profile:default"

[[semantic.sdk.components]]
id = "stdlib-compression"
version = "0.6.0-dev.6"
reason = "profile:default"

[[semantic.sdk.components]]
id = "stdlib-core"
version = "0.6.0-dev.6"
reason = "mandatory"

[[semantic.sdk.components]]
id = "stdlib-data"
version = "0.6.0-dev.6"
reason = "profile:default"

[[semantic.sdk.components]]
id = "stdlib-interop"
version = "0.6.0-dev.6"
reason = "profile:default"

[[semantic.sdk.components]]
id = "stdlib-observability"
version = "0.6.0-dev.6"
reason = "profile:default"

[[semantic.sdk.components]]
id = "stdlib-system"
version = "0.6.0-dev.6"
reason = "dependency:stdlib-codecs"

[[semantic.sdk.components]]
id = "stdlib-testing"
version = "0.6.0-dev.6"
reason = "profile:default"

[[semantic.sdk.components]]
id = "stdlib-web"
version = "0.6.0-dev.6"
reason = "profile:default"

[[semantic.packages]]
package = "compiler_bootstrap"
project_root = ""
active_features = []
active_optional_dependencies = []
required_sdk_components = []

[semantic.packages.dependency_features]

[[semantic.providers]]
identity = "incan_stdlib_async@0.5.0#sha256:259d56b5c264e991ba64fb4bfee9ececa7d94e478f445f8eeb58e7e3accc5d32[]"
participation = "enabled"
namespace_claims = [["std", "async"], ["std", "async", "channel"], ["std", "async", "race"], ["std", "async", "sync"], ["std", "async", "task"], ["std", "async", "time"]]
used_modules = []
implementation_facets = []
backend_requirements = []

[[semantic.providers]]
identity = "incan_stdlib_codecs@0.5.0#sha256:25c73e9eef35aaaeda9c3acb77055cb54eb1a43e126645332c5c88738259ac9a[]"
participation = "enabled"
namespace_claims = [["std", "checksum"], ["std", "encoding"], ["std", "encoding", "_shared"], ["std", "encoding", "base32"], ["std", "encoding", "base58"], ["std", "encoding", "base64"], ["std", "encoding", "base85"], ["std", "encoding", "bech32"], ["std", "encoding", "hex"]]
used_modules = []
implementation_facets = []
backend_requirements = []

[[semantic.providers]]
identity = "incan_stdlib_compression@0.5.0#sha256:91ab1db1edc140e8da6fe3db212482f63407c9fb4e1f05be42a4f2b8e8361e56[]"
participation = "enabled"
namespace_claims = [["std", "compression"], ["std", "compression", "_auto"], ["std", "compression", "_core"], ["std", "compression", "bz2"], ["std", "compression", "deflate"], ["std", "compression", "gzip"], ["std", "compression", "lzma"], ["std", "compression", "snappy"], ["std", "compression", "snappy", "raw"], ["std", "compression", "zlib"], ["std", "compression", "zstd"]]
used_modules = []
implementation_facets = []
backend_requirements = []

[[semantic.providers]]
identity = "incan_stdlib_core@0.6.0-dev.6#sha256:18557c7e8ba941e796ef8b2c0247199c61a060ed28e0984d990b1d933158046f[]"
participation = "used"
namespace_claims = [["std", "derives", "collection"], ["std", "derives", "comparison"], ["std", "derives", "copying"], ["std", "derives", "string"], ["std", "features"], ["std", "prelude"], ["std", "reflection"], ["std", "registry"], ["std", "result"], ["std", "runtime"], ["std", "runtime", "host"], ["std", "runtime", "host", "clock"], ["std", "runtime", "host", "env"], ["std", "runtime", "host", "fs"], ["std", "runtime", "host", "http"], ["std", "runtime", "host", "model"], ["std", "runtime", "host", "process"], ["std", "runtime", "host", "tool"], ["std", "this"], ["std", "traits"], ["std", "traits", "callable"], ["std", "traits", "convert"], ["std", "traits", "error"], ["std", "traits", "indexing"], ["std", "traits", "ops"]]
used_modules = [["std", "prelude"]]
implementation_facets = []
backend_requirements = []

[[semantic.providers]]
identity = "incan_stdlib_data@0.5.0#sha256:c3e0b2bb6c6bb8e02b45befa906ac168bee02e077dceddd580d4245b3dccb8bd[]"
participation = "used"
namespace_claims = [["std", "collections"], ["std", "datetime"], ["std", "datetime", "civil"], ["std", "datetime", "civil", "intervals"], ["std", "datetime", "civil", "naive"], ["std", "datetime", "civil", "offset"], ["std", "datetime", "error"], ["std", "datetime", "runtime"], ["std", "graph"], ["std", "hash"], ["std", "hash", "_core"], ["std", "hash", "_hmac"], ["std", "hash", "_streaming"], ["std", "json"], ["std", "math"], ["std", "regex"], ["std", "regex", "_core"], ["std", "regex", "_replacement"], ["std", "regex", "types"], ["std", "serde"], ["std", "serde", "json"], ["std", "toml"], ["std", "uuid"]]
used_modules = [["std", "json"], ["std", "toml"]]
implementation_facets = ["rust_json", "rust_toml"]
backend_requirements = ["cargo-dependency:incan_std_data", "cargo-dependency:serde", "cargo-dependency:serde_path_to_error", "cargo-dependency:toml", "cargo-dependency:toml_edit"]

[[semantic.providers]]
identity = "incan_stdlib_interop@0.5.0#sha256:915ec672174b8ec9e32ce629f70e49765c9827adc547be3f17da17b73263a46f[]"
participation = "enabled"
namespace_claims = [["std", "interop"]]
used_modules = []
implementation_facets = []
backend_requirements = []

[[semantic.providers]]
identity = "incan_stdlib_observability@0.5.0#sha256:9df7bb50d86df8681c5cfe691a0500da24a67d05dc1afbc0d67de817a3b8b50f[]"
participation = "enabled"
namespace_claims = [["std", "logging"], ["std", "telemetry"], ["std", "telemetry", "core"]]
used_modules = []
implementation_facets = []
backend_requirements = []

[[semantic.providers]]
identity = "incan_stdlib_system@0.5.0#sha256:881c28ccd1a1abaccf343b14556673c3406a878e7e50aad49ed670fd32009b2f[]"
participation = "used"
namespace_claims = [["std", "environ"], ["std", "fs"], ["std", "fs", "file"], ["std", "fs", "glob"], ["std", "fs", "locking"], ["std", "fs", "metadata"], ["std", "fs", "path"], ["std", "io"], ["std", "tempfile"]]
used_modules = [["std", "fs"], ["std", "tempfile"]]
implementation_facets = ["rust_fs", "rust_tempfile"]
backend_requirements = ["cargo-dependency:encoding_rs", "cargo-dependency:rustix", "cargo-dependency:tempfile"]

[[semantic.providers]]
identity = "incan_stdlib_testing@0.5.0#sha256:0fd63f57ef78cb77cd3df8315d12e3d205303ae261d265befd0e92092f42d4e4[]"
participation = "enabled"
namespace_claims = [["std", "testing"]]
used_modules = []
implementation_facets = []
backend_requirements = []

[[semantic.providers]]
identity = "incan_stdlib_web@0.5.0#sha256:ad5dd6ab7811f6392d40ccdc0e69d58a426ecb28894f1f611dc6f7dea3a4ea97[]"
participation = "enabled"
namespace_claims = [["std", "web"], ["std", "web", "app"], ["std", "web", "macros"], ["std", "web", "request"], ["std", "web", "response"], ["std", "web", "routing"]]
used_modules = []
implementation_facets = []
backend_requirements = []

[cargo]
lock = """
version = 4
"""
