# Auto-generated by Incan - do not edit manually
# Regenerate with: incan lock

[incan]
format = 2
incan-version = "0.6.0-dev.6"
deps-fingerprint = "sha256:a7edccdffffca67597ad89a2c51f509b0df0a2d7746ab88f7a464e7ca306be06"
cargo-features = []
cargo-no-default-features = false
cargo-all-features = false

[[semantic.packages]]
package = "oven_local_intake"
project_root = ""
active_features = []
active_optional_dependencies = []
required_sdk_components = []

[semantic.packages.dependency_features]

[cargo]
lock = """
version = 4
"""
